
Microsoft Visual Studio Solution File, Format Version 12.00
# Visual Studio Version 16
VisualStudioVersion = 16.0.28803.352
MinimumVisualStudioVersion = 10.0.40219.1
Project("{FAE04EC0-301F-11D3-BF4B-00C04F79EFBC}") = "Veresiye.Model", "Veresiye.Model\Veresiye.Model.csproj", "{82153EF0-DE6F-4075-884B-F99B55BD07A1}"
EndProject
Project("{FAE04EC0-301F-11D3-BF4B-00C04F79EFBC}") = "Veresiye.Data", "Veresiye.Data\Veresiye.Data.csproj", "{FD5ECB42-17D8-4413-BBAC-09211E0A8DA5}"
EndProject
Project("{FAE04EC0-301F-11D3-BF4B-00C04F79EFBC}") = "Veresiye.Service", "Veresiye.Service\Veresiye.Service.csproj", "{FF10F299-62BB-442D-BC69-2A3506F0A2F1}"
EndProject
Project("{FAE04EC0-301F-11D3-BF4B-00C04F79EFBC}") = "Versiye.UI", "Versiye.UI\Versiye.UI.csproj", "{263DDAAA-4FCF-4078-9884-15136691732C}"
EndProject
Global
	GlobalSection(SolutionConfigurationPlatforms) = preSolution
		Debug|Any CPU = Debug|Any CPU
		Release|Any CPU = Release|Any CPU
	EndGlobalSection
	GlobalSection(ProjectConfigurationPlatforms) = postSolution
		{82153EF0-DE6F-4075-884B-F99B55BD07A1}.Debug|Any CPU.ActiveCfg = Debug|Any CPU
		{82153EF0-DE6F-4075-884B-F99B55BD07A1}.Debug|Any CPU.Build.0 = Debug|Any CPU
		{82153EF0-DE6F-4075-884B-F99B55BD07A1}.Release|Any CPU.ActiveCfg = Release|Any CPU
		{82153EF0-DE6F-4075-884B-F99B55BD07A1}.Release|Any CPU.Build.0 = Release|Any CPU
		{FD5ECB42-17D8-4413-BBAC-09211E0A8DA5}.Debug|Any CPU.ActiveCfg = Debug|Any CPU
		{FD5ECB42-17D8-4413-BBAC-09211E0A8DA5}.Debug|Any CPU.Build.0 = Debug|Any CPU
		{FD5ECB42-17D8-4413-BBAC-09211E0A8DA5}.Release|Any CPU.ActiveCfg = Release|Any CPU
		{FD5ECB42-17D8-4413-BBAC-09211E0A8DA5}.Release|Any CPU.Build.0 = Release|Any CPU
		{FF10F299-62BB-442D-BC69-2A3506F0A2F1}.Debug|Any CPU.ActiveCfg = Debug|Any CPU
		{FF10F299-62BB-442D-BC69-2A3506F0A2F1}.Debug|Any CPU.Build.0 = Debug|Any CPU
		{FF10F299-62BB-442D-BC69-2A3506F0A2F1}.Release|Any CPU.ActiveCfg = Release|Any CPU
		{FF10F299-62BB-442D-BC69-2A3506F0A2F1}.Release|Any CPU.Build.0 = Release|Any CPU
		{263DDAAA-4FCF-4078-9884-15136691732C}.Debug|Any CPU.ActiveCfg = Debug|Any CPU
		{263DDAAA-4FCF-4078-9884-15136691732C}.Debug|Any CPU.Build.0 = Debug|Any CPU
		{263DDAAA-4FCF-4078-9884-15136691732C}.Release|Any CPU.ActiveCfg = Release|Any CPU
		{263DDAAA-4FCF-4078-9884-15136691732C}.Release|Any CPU.Build.0 = Release|Any CPU
	EndGlobalSection
	GlobalSection(SolutionProperties) = preSolution
		HideSolutionNode = FALSE
	EndGlobalSection
	GlobalSection(ExtensibilityGlobals) = postSolution
		SolutionGuid = {3A4F07B0-67CC-442D-826D-BAD01F8BF43F}
	EndGlobalSection
EndGlobal
